
Microsoft Visual Studio Solution File, Format Version 12.00
# Visual Studio Version 16
VisualStudioVersion = 16.0.30128.74
MinimumVisualStudioVersion = 10.0.40219.1
Project("{FAE04EC0-301F-11D3-BF4B-00C04F79EFBC}") = "Hello_LinkedLists", "Hello_LinkedLists\Hello_LinkedLists.csproj", "{60376BDB-A0D7-4A07-9F10-C4F2E08E07DE}"
EndProject
Global
	GlobalSection(SolutionConfigurationPlatforms) = preSolution
		Debug|Any CPU = Debug|Any CPU
		Release|Any CPU = Release|Any CPU
	EndGlobalSection
	GlobalSection(ProjectConfigurationPlatforms) = postSolution
		{60376BDB-A0D7-4A07-9F10-C4F2E08E07DE}.Debug|Any CPU.ActiveCfg = Debug|Any CPU
		{60376BDB-A0D7-4A07-9F10-C4F2E08E07DE}.Debug|Any CPU.Build.0 = Debug|Any CPU
		{60376BDB-A0D7-4A07-9F10-C4F2E08E07DE}.Release|Any CPU.ActiveCfg = Release|Any CPU
		{60376BDB-A0D7-4A07-9F10-C4F2E08E07DE}.Release|Any CPU.Build.0 = Release|Any CPU
	EndGlobalSection
	GlobalSection(SolutionProperties) = preSolution
		HideSolutionNode = FALSE
	EndGlobalSection
	GlobalSection(ExtensibilityGlobals) = postSolution
		SolutionGuid = {7CE1C713-0574-437E-A80F-D1750AF00EFC}
	EndGlobalSection
EndGlobal
